
Microsoft Visual Studio Solution File, Format Version 12.00
# Visual Studio Version 16
VisualStudioVersion = 16.0.30517.126
MinimumVisualStudioVersion = 10.0.40219.1
Project("{FAE04EC0-301F-11D3-BF4B-00C04F79EFBC}") = "Irimies Mircea lab2", "Irimies Mircea lab2\Irimies Mircea lab2.csproj", "{A0FA9F05-F53E-44AA-937A-3A858B1FAD6A}"
EndProject
Global
	GlobalSection(SolutionConfigurationPlatforms) = preSolution
		Debug|Any CPU = Debug|Any CPU
		Release|Any CPU = Release|Any CPU
	EndGlobalSection
	GlobalSection(ProjectConfigurationPlatforms) = postSolution
		{A0FA9F05-F53E-44AA-937A-3A858B1FAD6A}.Debug|Any CPU.ActiveCfg = Debug|Any CPU
		{A0FA9F05-F53E-44AA-937A-3A858B1FAD6A}.Debug|Any CPU.Build.0 = Debug|Any CPU
		{A0FA9F05-F53E-44AA-937A-3A858B1FAD6A}.Release|Any CPU.ActiveCfg = Release|Any CPU
		{A0FA9F05-F53E-44AA-937A-3A858B1FAD6A}.Release|Any CPU.Build.0 = Release|Any CPU
	EndGlobalSection
	GlobalSection(SolutionProperties) = preSolution
		HideSolutionNode = FALSE
	EndGlobalSection
	GlobalSection(ExtensibilityGlobals) = postSolution
		SolutionGuid = {6B2A3AE5-B00F-4C85-BBAF-41CF205493FA}
	EndGlobalSection
EndGlobal
